
Microsoft Visual Studio Solution File, Format Version 12.00
# Visual Studio Version 17
VisualStudioVersion = 17.5.002.0
MinimumVisualStudioVersion = 10.0.40219.1
Project("{9A19103F-16F7-4668-BE54-9A1E7A4F7556}") = "pig", "pig/pig.csproj", "{4142D33E-9768-4478-A362-5DE594472062}"
EndProject
Global
	GlobalSection(SolutionConfigurationPlatforms) = preSolution
		Debug|Any CPU = Debug|Any CPU
		Release|Any CPU = Release|Any CPU
	EndGlobalSection
	GlobalSection(ProjectConfigurationPlatforms) = postSolution
		{4142D33E-9768-4478-A362-5DE594472062}.Debug|Any CPU.ActiveCfg = Debug|Any CPU
		{4142D33E-9768-4478-A362-5DE594472062}.Debug|Any CPU.Build.0 = Debug|Any CPU
		{4142D33E-9768-4478-A362-5DE594472062}.Release|Any CPU.ActiveCfg = Release|Any CPU
		{4142D33E-9768-4478-A362-5DE594472062}.Release|Any CPU.Build.0 = Release|Any CPU
	EndGlobalSection
	GlobalSection(SolutionProperties) = preSolution
		HideSolutionNode = FALSE
	EndGlobalSection
	GlobalSection(ExtensibilityGlobals) = postSolution
		SolutionGuid = {01DD57A9-55D0-4FAB-BFDB-DA7154B5C872}
	EndGlobalSection
EndGlobal
